
Microsoft Visual Studio Solution File, Format Version 12.00
# Visual Studio 2012
Project("{FAE04EC0-301F-11D3-BF4B-00C04F79EFBC}") = "knn_algoritması", "knn_algoritaması\knn_algoritması.csproj", "{F73D4374-83F5-4319-B6E1-071C7A46F7D4}"
EndProject
Global
	GlobalSection(SolutionConfigurationPlatforms) = preSolution
		Debug|Any CPU = Debug|Any CPU
		Release|Any CPU = Release|Any CPU
	EndGlobalSection
	GlobalSection(ProjectConfigurationPlatforms) = postSolution
		{F73D4374-83F5-4319-B6E1-071C7A46F7D4}.Debug|Any CPU.ActiveCfg = Debug|Any CPU
		{F73D4374-83F5-4319-B6E1-071C7A46F7D4}.Debug|Any CPU.Build.0 = Debug|Any CPU
		{F73D4374-83F5-4319-B6E1-071C7A46F7D4}.Release|Any CPU.ActiveCfg = Release|Any CPU
		{F73D4374-83F5-4319-B6E1-071C7A46F7D4}.Release|Any CPU.Build.0 = Release|Any CPU
	EndGlobalSection
	GlobalSection(SolutionProperties) = preSolution
		HideSolutionNode = FALSE
	EndGlobalSection
EndGlobal
